{
  "name": "bimplus-embedded-example",
  "version": "0.0.1",
  "lockfileVersion": 1,
  "requires": true,
  "dependencies": {
    "bimplus-webclient": {
      "version": "0.1.1",
      "resolved": "https://registry.npmjs.org/bimplus-webclient/-/bimplus-webclient-0.1.1.tgz",
      "integrity": "sha512-aRVKO4gPlFzbksifVxnBrpof2mV4Xr7UD/7N0ZAS53sjx/lFkaIlrKKN5pQKM9B8Xo1NO/NLymAdlT3Bmq3cTw==",
      "dev": true,
      "requires": {
        "jquery": "3.5.1"
      }
    },
    "bimplus-websdk": {
      "version": "0.0.226",
      "resolved": "https://registry.npmjs.org/bimplus-websdk/-/bimplus-websdk-0.0.226.tgz",
      "integrity": "sha512-OoFckaiXCiAmmqNc077lLfUUROBcuhHgG/wk2Cy4tbuglV1iOxCg/1HLc8RHj4ZrqQqsxzYWyqFsxjMTIQ5/Iw==",
      "dev": true,
      "requires": {
        "dexie": "3.2.3",
        "jquery": "3.6.4"
      },
      "dependencies": {
        "jquery": {
          "version": "3.6.4",
          "resolved": "https://registry.npmjs.org/jquery/-/jquery-3.6.4.tgz",
          "integrity": "sha512-v28EW9DWDFpzcD9O5iyJXg3R3+q+mET5JhnjJzQUZMHOv67bpSIHq81GEYpPNZHG+XXHsfSme3nxp/hndKEcsQ==",
          "dev": true
        }
      }
    },
    "dexie": {
      "version": "3.2.3",
      "resolved": "https://registry.npmjs.org/dexie/-/dexie-3.2.3.tgz",
      "integrity": "sha512-iHayBd4UYryDCVUNa3PMsJMEnd8yjyh5p7a+RFeC8i8n476BC9wMhVvqiImq5zJZJf5Tuer+s4SSj+AA3x+ZbQ==",
      "dev": true
    },
    "jquery": {
      "version": "3.5.1",
      "resolved": "https://registry.npmjs.org/jquery/-/jquery-3.5.1.tgz",
      "integrity": "sha512-XwIBPqcMn57FxfT+Go5pzySnm4KWkT1Tv7gjrpT1srtf8Weynl6R273VJ5GjkRb51IzMp5nbaPjJXMWeju2MKg==",
      "dev": true
    },
    "requirejs": {
      "version": "2.3.6",
      "resolved": "https://registry.npmjs.org/requirejs/-/requirejs-2.3.6.tgz",
      "integrity": "sha512-ipEzlWQe6RK3jkzikgCupiTbTvm4S0/CAU5GlgptkN5SO6F3u0UD0K18wy6ErDqiCyP4J4YYe1HuAShvsxePLg==",
      "dev": true
    }
  }
}
